
Microsoft Visual Studio Solution File, Format Version 12.00
# Visual Studio Version 17
VisualStudioVersion = 17.8.34322.80
MinimumVisualStudioVersion = 10.0.40219.1
Project("{FAE04EC0-301F-11D3-BF4B-00C04F79EFBC}") = "Lesson four", "Lesson four\Lesson four.csproj", "{FD2D53AA-0EE8-4588-BF6D-7519524F72B1}"
EndProject
Global
	GlobalSection(SolutionConfigurationPlatforms) = preSolution
		Debug|Any CPU = Debug|Any CPU
		Release|Any CPU = Release|Any CPU
	EndGlobalSection
	GlobalSection(ProjectConfigurationPlatforms) = postSolution
		{FD2D53AA-0EE8-4588-BF6D-7519524F72B1}.Debug|Any CPU.ActiveCfg = Debug|Any CPU
		{FD2D53AA-0EE8-4588-BF6D-7519524F72B1}.Debug|Any CPU.Build.0 = Debug|Any CPU
		{FD2D53AA-0EE8-4588-BF6D-7519524F72B1}.Release|Any CPU.ActiveCfg = Release|Any CPU
		{FD2D53AA-0EE8-4588-BF6D-7519524F72B1}.Release|Any CPU.Build.0 = Release|Any CPU
	EndGlobalSection
	GlobalSection(SolutionProperties) = preSolution
		HideSolutionNode = FALSE
	EndGlobalSection
	GlobalSection(ExtensibilityGlobals) = postSolution
		SolutionGuid = {794F6036-12DA-46D7-8D2B-17D11F7D83B7}
	EndGlobalSection
EndGlobal
